
Microsoft Visual Studio Solution File, Format Version 12.00
# Visual Studio 15
VisualStudioVersion = 15.0.33919.361
MinimumVisualStudioVersion = 10.0.40219.1
Project("{FAE04EC0-301F-11D3-BF4B-00C04F79EFBC}") = "MailAutomation", "MailAutomation\MailAutomation.csproj", "{C19F45D4-9737-4105-8D8B-F52B50B83DCF}"
EndProject
Global
	GlobalSection(SolutionConfigurationPlatforms) = preSolution
		Debug|Any CPU = Debug|Any CPU
		Release|Any CPU = Release|Any CPU
	EndGlobalSection
	GlobalSection(ProjectConfigurationPlatforms) = postSolution
		{C19F45D4-9737-4105-8D8B-F52B50B83DCF}.Debug|Any CPU.ActiveCfg = Debug|Any CPU
		{C19F45D4-9737-4105-8D8B-F52B50B83DCF}.Debug|Any CPU.Build.0 = Debug|Any CPU
		{C19F45D4-9737-4105-8D8B-F52B50B83DCF}.Release|Any CPU.ActiveCfg = Release|Any CPU
		{C19F45D4-9737-4105-8D8B-F52B50B83DCF}.Release|Any CPU.Build.0 = Release|Any CPU
	EndGlobalSection
	GlobalSection(SolutionProperties) = preSolution
		HideSolutionNode = FALSE
	EndGlobalSection
	GlobalSection(ExtensibilityGlobals) = postSolution
		SolutionGuid = {BD1AECC2-CCE3-42C7-B16A-B9C1AD9E45E6}
	EndGlobalSection
EndGlobal
